
Microsoft Visual Studio Solution File, Format Version 12.00
# Visual Studio Version 17
VisualStudioVersion = 17.14.36310.24 d17.14
MinimumVisualStudioVersion = 10.0.40219.1
Project("{FAE04EC0-301F-11D3-BF4B-00C04F79EFBC}") = "StudentWebAPI", "StudentWebAPI\StudentWebAPI.csproj", "{FD23D19F-E969-4CE4-A5B7-9C40D705B391}"
EndProject
Global
	GlobalSection(SolutionConfigurationPlatforms) = preSolution
		Debug|Any CPU = Debug|Any CPU
		Release|Any CPU = Release|Any CPU
	EndGlobalSection
	GlobalSection(ProjectConfigurationPlatforms) = postSolution
		{FD23D19F-E969-4CE4-A5B7-9C40D705B391}.Debug|Any CPU.ActiveCfg = Debug|Any CPU
		{FD23D19F-E969-4CE4-A5B7-9C40D705B391}.Debug|Any CPU.Build.0 = Debug|Any CPU
		{FD23D19F-E969-4CE4-A5B7-9C40D705B391}.Release|Any CPU.ActiveCfg = Release|Any CPU
		{FD23D19F-E969-4CE4-A5B7-9C40D705B391}.Release|Any CPU.Build.0 = Release|Any CPU
	EndGlobalSection
	GlobalSection(SolutionProperties) = preSolution
		HideSolutionNode = FALSE
	EndGlobalSection
	GlobalSection(ExtensibilityGlobals) = postSolution
		SolutionGuid = {38403544-52D7-4D77-9F11-482274709103}
	EndGlobalSection
EndGlobal
